
Microsoft Visual Studio Solution File, Format Version 12.00
# Visual Studio Version 16
VisualStudioVersion = 16.0.31424.327
MinimumVisualStudioVersion = 10.0.40219.1
Project("{FAE04EC0-301F-11D3-BF4B-00C04F79EFBC}") = "ItoSoftwarePrueba", "ItoSoftwarePrueba\ItoSoftwarePrueba.csproj", "{80E88B8F-B0CA-4A84-A799-33CFB7ED25F2}"
EndProject
Project("{9A19103F-16F7-4668-BE54-9A1E7A4F7556}") = "AccessData", "..\PruebaIto\AccessData\AccessData.csproj", "{803B42BB-D1B8-478D-85D4-B790B8935180}"
EndProject
Project("{9A19103F-16F7-4668-BE54-9A1E7A4F7556}") = "DAO", "..\PruebaIto\DAO\DAO.csproj", "{4D9B5929-526B-4B26-9BE3-3C278135F558}"
EndProject
Global
	GlobalSection(SolutionConfigurationPlatforms) = preSolution
		Debug|Any CPU = Debug|Any CPU
		Release|Any CPU = Release|Any CPU
	EndGlobalSection
	GlobalSection(ProjectConfigurationPlatforms) = postSolution
		{80E88B8F-B0CA-4A84-A799-33CFB7ED25F2}.Debug|Any CPU.ActiveCfg = Debug|Any CPU
		{80E88B8F-B0CA-4A84-A799-33CFB7ED25F2}.Debug|Any CPU.Build.0 = Debug|Any CPU
		{80E88B8F-B0CA-4A84-A799-33CFB7ED25F2}.Release|Any CPU.ActiveCfg = Release|Any CPU
		{80E88B8F-B0CA-4A84-A799-33CFB7ED25F2}.Release|Any CPU.Build.0 = Release|Any CPU
		{803B42BB-D1B8-478D-85D4-B790B8935180}.Debug|Any CPU.ActiveCfg = Debug|Any CPU
		{803B42BB-D1B8-478D-85D4-B790B8935180}.Debug|Any CPU.Build.0 = Debug|Any CPU
		{803B42BB-D1B8-478D-85D4-B790B8935180}.Release|Any CPU.ActiveCfg = Release|Any CPU
		{803B42BB-D1B8-478D-85D4-B790B8935180}.Release|Any CPU.Build.0 = Release|Any CPU
		{4D9B5929-526B-4B26-9BE3-3C278135F558}.Debug|Any CPU.ActiveCfg = Debug|Any CPU
		{4D9B5929-526B-4B26-9BE3-3C278135F558}.Debug|Any CPU.Build.0 = Debug|Any CPU
		{4D9B5929-526B-4B26-9BE3-3C278135F558}.Release|Any CPU.ActiveCfg = Release|Any CPU
		{4D9B5929-526B-4B26-9BE3-3C278135F558}.Release|Any CPU.Build.0 = Release|Any CPU
	EndGlobalSection
	GlobalSection(SolutionProperties) = preSolution
		HideSolutionNode = FALSE
	EndGlobalSection
	GlobalSection(ExtensibilityGlobals) = postSolution
		SolutionGuid = {36DE2E16-2779-4822-8D2D-81D04F3E1FB5}
	EndGlobalSection
EndGlobal
